
Microsoft Visual Studio Solution File, Format Version 12.00
# Visual Studio Version 17
VisualStudioVersion = 17.14.36408.4 d17.14
MinimumVisualStudioVersion = 10.0.40219.1
Project("{FAE04EC0-301F-11D3-BF4B-00C04F79EFBC}") = "ShieldManager", "ShieldManager\ShieldManager.csproj", "{FA2588EB-0315-41FA-89B0-4C2648950A5B}"
EndProject
Global
	GlobalSection(SolutionConfigurationPlatforms) = preSolution
		Debug|x64 = Debug|x64
		Release|x64 = Release|x64
	EndGlobalSection
	GlobalSection(ProjectConfigurationPlatforms) = postSolution
		{FA2588EB-0315-41FA-89B0-4C2648950A5B}.Debug|x64.ActiveCfg = Debug|x64
		{FA2588EB-0315-41FA-89B0-4C2648950A5B}.Debug|x64.Build.0 = Debug|x64
		{FA2588EB-0315-41FA-89B0-4C2648950A5B}.Release|x64.ActiveCfg = Release|x64
		{FA2588EB-0315-41FA-89B0-4C2648950A5B}.Release|x64.Build.0 = Release|x64
	EndGlobalSection
	GlobalSection(SolutionProperties) = preSolution
		HideSolutionNode = FALSE
	EndGlobalSection
	GlobalSection(ExtensibilityGlobals) = postSolution
		SolutionGuid = {236A3F4F-4AA8-45FA-BB1F-A95FB3C9166E}
	EndGlobalSection
EndGlobal
